{
  "name": "node-api-dotnet-simple",
  "lockfileVersion": 3,
  "requires": true,
  "packages": {
    "": {
      "dependencies": {
        "node-api-dotnet": "^0.5.10"
      }
    },
    "node_modules/node-api-dotnet": {
      "version": "0.5.13",
      "resolved": "https://registry.npmjs.org/node-api-dotnet/-/node-api-dotnet-0.5.13.tgz",
      "integrity": "sha512-PP4ZvlA58GkyILXk294kimF2EJhOXl/LsgweSH1IqOTz2wuwYAQ58RQqgZSJNoMaMwp4XcF/18E6oopt8tZTZw=="
    }
  }
}
