{
  "name": "node-api-dotnet-simple",
  "lockfileVersion": 3,
  "requires": true,
  "packages": {
    "": {
      "dependencies": {
        "node-api-dotnet": "^0.4.34"
      }
    },
    "node_modules/node-api-dotnet": {
      "version": "0.4.34",
      "resolved": "https://registry.npmjs.org/node-api-dotnet/-/node-api-dotnet-0.4.34.tgz",
      "integrity": "sha512-qsM+bf1Z4G3p0JQ4txepeT1C3wrmVPlouqoyNRsbZde9Kz65XE2csLxPOeJY96U3iojJDpb7Fe7euIl59D6DJQ=="
    }
  }
}
